Microsoft Visual Studio Solution File, Format Version 12.00
# Visual Studio 2012
Project("{FAE04EC0-301F-11D3-BF4B-00C04F79EFBC}") = "LD50", "LD50.csproj", "{B84A124C-90C7-4F16-9923-8F0E05DBF26F}"
EndProject
Global
	GlobalSection(SolutionConfigurationPlatforms) = preSolution
	Debug|Any CPU = Debug|Any CPU
	ExportDebug|Any CPU = ExportDebug|Any CPU
	ExportRelease|Any CPU = ExportRelease|Any CPU
	EndGlobalSection
	GlobalSection(ProjectConfigurationPlatforms) = postSolution
		{B84A124C-90C7-4F16-9923-8F0E05DBF26F}.Debug|Any CPU.ActiveCfg = Debug|Any CPU
		{B84A124C-90C7-4F16-9923-8F0E05DBF26F}.Debug|Any CPU.Build.0 = Debug|Any CPU
		{B84A124C-90C7-4F16-9923-8F0E05DBF26F}.ExportDebug|Any CPU.ActiveCfg = ExportDebug|Any CPU
		{B84A124C-90C7-4F16-9923-8F0E05DBF26F}.ExportDebug|Any CPU.Build.0 = ExportDebug|Any CPU
		{B84A124C-90C7-4F16-9923-8F0E05DBF26F}.ExportRelease|Any CPU.ActiveCfg = ExportRelease|Any CPU
		{B84A124C-90C7-4F16-9923-8F0E05DBF26F}.ExportRelease|Any CPU.Build.0 = ExportRelease|Any CPU
	EndGlobalSection
EndGlobal
